
Microsoft Visual Studio Solution File, Format Version 12.00
# Visual Studio Version 17
VisualStudioVersion = 17.7.34024.191
MinimumVisualStudioVersion = 10.0.40219.1
Project("{9A19103F-16F7-4668-BE54-9A1E7A4F7556}") = "main_process", "codes\main_process.csproj", "{9FCAF88E-5147-46AC-BD14-173BD8464F04}"
EndProject
Project("{9A19103F-16F7-4668-BE54-9A1E7A4F7556}") = "loop", "loop\loop.csproj", "{52BE036E-6130-4CE8-B7F9-604D7AF0CC73}"
EndProject
Project("{8BC9CEB8-8B4A-11D0-8D11-00A0C91BC942}") = "loop.cpp", "loop.cpp\loop.cpp.vcxproj", "{02BAABB0-CBA0-4BDB-A22F-2D4607407FD4}"
EndProject
Project("{8BC9CEB8-8B4A-11D0-8D11-00A0C91BC942}") = "main_process.cpp", "codes.cpp\codes.cpp.vcxproj", "{63E448BC-B502-4400-B905-D6DF9901EBF0}"
EndProject
Project("{FAE04EC0-301F-11D3-BF4B-00C04F79EFBC}") = "RS", "RS\RS.csproj", "{88855763-B230-4125-8508-1DBDE04657BA}"
EndProject
Global
	GlobalSection(SolutionConfigurationPlatforms) = preSolution
		Debug|Any CPU = Debug|Any CPU
		Debug|x64 = Debug|x64
		Debug|x86 = Debug|x86
		Release|Any CPU = Release|Any CPU
		Release|x64 = Release|x64
		Release|x86 = Release|x86
	EndGlobalSection
	GlobalSection(ProjectConfigurationPlatforms) = postSolution
		{9FCAF88E-5147-46AC-BD14-173BD8464F04}.Debug|Any CPU.ActiveCfg = Debug|Any CPU
		{9FCAF88E-5147-46AC-BD14-173BD8464F04}.Debug|Any CPU.Build.0 = Debug|Any CPU
		{9FCAF88E-5147-46AC-BD14-173BD8464F04}.Debug|x64.ActiveCfg = Debug|Any CPU
		{9FCAF88E-5147-46AC-BD14-173BD8464F04}.Debug|x64.Build.0 = Debug|Any CPU
		{9FCAF88E-5147-46AC-BD14-173BD8464F04}.Debug|x86.ActiveCfg = Debug|Any CPU
		{9FCAF88E-5147-46AC-BD14-173BD8464F04}.Debug|x86.Build.0 = Debug|Any CPU
		{9FCAF88E-5147-46AC-BD14-173BD8464F04}.Release|Any CPU.ActiveCfg = Release|Any CPU
		{9FCAF88E-5147-46AC-BD14-173BD8464F04}.Release|Any CPU.Build.0 = Release|Any CPU
		{9FCAF88E-5147-46AC-BD14-173BD8464F04}.Release|x64.ActiveCfg = Release|Any CPU
		{9FCAF88E-5147-46AC-BD14-173BD8464F04}.Release|x64.Build.0 = Release|Any CPU
		{9FCAF88E-5147-46AC-BD14-173BD8464F04}.Release|x86.ActiveCfg = Release|Any CPU
		{9FCAF88E-5147-46AC-BD14-173BD8464F04}.Release|x86.Build.0 = Release|Any CPU
		{52BE036E-6130-4CE8-B7F9-604D7AF0CC73}.Debug|Any CPU.ActiveCfg = Debug|Any CPU
		{52BE036E-6130-4CE8-B7F9-604D7AF0CC73}.Debug|Any CPU.Build.0 = Debug|Any CPU
		{52BE036E-6130-4CE8-B7F9-604D7AF0CC73}.Debug|x64.ActiveCfg = Debug|Any CPU
		{52BE036E-6130-4CE8-B7F9-604D7AF0CC73}.Debug|x64.Build.0 = Debug|Any CPU
		{52BE036E-6130-4CE8-B7F9-604D7AF0CC73}.Debug|x86.ActiveCfg = Debug|Any CPU
		{52BE036E-6130-4CE8-B7F9-604D7AF0CC73}.Debug|x86.Build.0 = Debug|Any CPU
		{52BE036E-6130-4CE8-B7F9-604D7AF0CC73}.Release|Any CPU.ActiveCfg = Release|Any CPU
		{52BE036E-6130-4CE8-B7F9-604D7AF0CC73}.Release|Any CPU.Build.0 = Release|Any CPU
		{52BE036E-6130-4CE8-B7F9-604D7AF0CC73}.Release|x64.ActiveCfg = Release|Any CPU
		{52BE036E-6130-4CE8-B7F9-604D7AF0CC73}.Release|x64.Build.0 = Release|Any CPU
		{52BE036E-6130-4CE8-B7F9-604D7AF0CC73}.Release|x86.ActiveCfg = Release|Any CPU
		{52BE036E-6130-4CE8-B7F9-604D7AF0CC73}.Release|x86.Build.0 = Release|Any CPU
		{02BAABB0-CBA0-4BDB-A22F-2D4607407FD4}.Debug|Any CPU.ActiveCfg = Debug|x64
		{02BAABB0-CBA0-4BDB-A22F-2D4607407FD4}.Debug|Any CPU.Build.0 = Debug|x64
		{02BAABB0-CBA0-4BDB-A22F-2D4607407FD4}.Debug|x64.ActiveCfg = Debug|x64
		{02BAABB0-CBA0-4BDB-A22F-2D4607407FD4}.Debug|x64.Build.0 = Debug|x64
		{02BAABB0-CBA0-4BDB-A22F-2D4607407FD4}.Debug|x86.ActiveCfg = Debug|Win32
		{02BAABB0-CBA0-4BDB-A22F-2D4607407FD4}.Debug|x86.Build.0 = Debug|Win32
		{02BAABB0-CBA0-4BDB-A22F-2D4607407FD4}.Release|Any CPU.ActiveCfg = Release|x64
		{02BAABB0-CBA0-4BDB-A22F-2D4607407FD4}.Release|Any CPU.Build.0 = Release|x64
		{02BAABB0-CBA0-4BDB-A22F-2D4607407FD4}.Release|x64.ActiveCfg = Release|x64
		{02BAABB0-CBA0-4BDB-A22F-2D4607407FD4}.Release|x64.Build.0 = Release|x64
		{02BAABB0-CBA0-4BDB-A22F-2D4607407FD4}.Release|x86.ActiveCfg = Release|Win32
		{02BAABB0-CBA0-4BDB-A22F-2D4607407FD4}.Release|x86.Build.0 = Release|Win32
		{63E448BC-B502-4400-B905-D6DF9901EBF0}.Debug|Any CPU.ActiveCfg = Debug|x64
		{63E448BC-B502-4400-B905-D6DF9901EBF0}.Debug|Any CPU.Build.0 = Debug|x64
		{63E448BC-B502-4400-B905-D6DF9901EBF0}.Debug|x64.ActiveCfg = Debug|x64
		{63E448BC-B502-4400-B905-D6DF9901EBF0}.Debug|x64.Build.0 = Debug|x64
		{63E448BC-B502-4400-B905-D6DF9901EBF0}.Debug|x86.ActiveCfg = Debug|Win32
		{63E448BC-B502-4400-B905-D6DF9901EBF0}.Debug|x86.Build.0 = Debug|Win32
		{63E448BC-B502-4400-B905-D6DF9901EBF0}.Release|Any CPU.ActiveCfg = Release|x64
		{63E448BC-B502-4400-B905-D6DF9901EBF0}.Release|Any CPU.Build.0 = Release|x64
		{63E448BC-B502-4400-B905-D6DF9901EBF0}.Release|x64.ActiveCfg = Release|x64
		{63E448BC-B502-4400-B905-D6DF9901EBF0}.Release|x64.Build.0 = Release|x64
		{63E448BC-B502-4400-B905-D6DF9901EBF0}.Release|x86.ActiveCfg = Release|Win32
		{63E448BC-B502-4400-B905-D6DF9901EBF0}.Release|x86.Build.0 = Release|Win32
		{88855763-B230-4125-8508-1DBDE04657BA}.Debug|Any CPU.ActiveCfg = Debug|Any CPU
		{88855763-B230-4125-8508-1DBDE04657BA}.Debug|Any CPU.Build.0 = Debug|Any CPU
		{88855763-B230-4125-8508-1DBDE04657BA}.Debug|x64.ActiveCfg = Debug|Any CPU
		{88855763-B230-4125-8508-1DBDE04657BA}.Debug|x64.Build.0 = Debug|Any CPU
		{88855763-B230-4125-8508-1DBDE04657BA}.Debug|x86.ActiveCfg = Debug|Any CPU
		{88855763-B230-4125-8508-1DBDE04657BA}.Debug|x86.Build.0 = Debug|Any CPU
		{88855763-B230-4125-8508-1DBDE04657BA}.Release|Any CPU.ActiveCfg = Release|Any CPU
		{88855763-B230-4125-8508-1DBDE04657BA}.Release|Any CPU.Build.0 = Release|Any CPU
		{88855763-B230-4125-8508-1DBDE04657BA}.Release|x64.ActiveCfg = Release|Any CPU
		{88855763-B230-4125-8508-1DBDE04657BA}.Release|x64.Build.0 = Release|Any CPU
		{88855763-B230-4125-8508-1DBDE04657BA}.Release|x86.ActiveCfg = Release|Any CPU
		{88855763-B230-4125-8508-1DBDE04657BA}.Release|x86.Build.0 = Release|Any CPU
	EndGlobalSection
	GlobalSection(SolutionProperties) = preSolution
		HideSolutionNode = FALSE
	EndGlobalSection
	GlobalSection(ExtensibilityGlobals) = postSolution
		SolutionGuid = {E6DDC5C5-5816-4519-84B6-D99BACFCD14C}
	EndGlobalSection
EndGlobal
